{
  "name": "ico",
  "version": "1.0.0",
  "lockfileVersion": 1,
  "requires": true,
  "dependencies": {
    "chai-as-promised": {
      "version": "7.1.1",
      "resolved": "https://registry.npmjs.org/chai-as-promised/-/chai-as-promised-7.1.1.tgz",
      "integrity": "sha512-azL6xMoi+uxu6z4rhWQ1jbdUhOMhis2PvscD/xjLqNMkv3BPPp2JyyuTHOrf9BOosGpNQ11v6BKv/g57RXbiaA==",
      "requires": {
        "check-error": "^1.0.2"
      }
    },
    "chai-bignumber": {
      "version": "2.0.2",
      "resolved": "https://registry.npmjs.org/chai-bignumber/-/chai-bignumber-2.0.2.tgz",
      "integrity": "sha512-BIdRNjRaoRj4bMsZLKbIZPMNKqmwnzNiyxqBYDSs6dFOCs9w8OHPuUE8e1bH60i1IhOzT0NjLtCD+lKEWB1KTQ=="
    },
    "char": {
      "version": "1.0.2",
      "resolved": "https://registry.npmjs.org/char/-/char-1.0.2.tgz",
      "integrity": "sha512-P8Ym7lN9LzColGiKANFEgISgpo3BOp2/Mkp/OfMhsbD/4xDrZVIQLUB+t0xSTSxXllmsJWliCBDPKG2OEj1DiQ=="
    },
    "check-error": {
      "version": "1.0.2",
      "resolved": "https://registry.npmjs.org/check-error/-/check-error-1.0.2.tgz",
      "integrity": "sha1-V00xLt2Iu13YkS6Sht1sCu1KrII="
    },
    "openzeppelin-solidity": {
      "version": "1.12.0",
      "resolved": "https://registry.npmjs.org/openzeppelin-solidity/-/openzeppelin-solidity-1.12.0.tgz",
      "integrity": "sha512-WlorzMXIIurugiSdw121RVD5qA3EfSI7GybTn+/Du0mPNgairjt29NpVTAaH8eLjAeAwlw46y7uQKy0NYem/gA=="
    }
  }
}
